
Microsoft Visual Studio Solution File, Format Version 12.00
# Visual Studio Version 17
VisualStudioVersion = 17.9.34728.123
MinimumVisualStudioVersion = 10.0.40219.1
Project("{2150E333-8FDC-42A3-9474-1A3956D46DE8}") = "Testes", "Testes", "{35819362-2873-4145-B5FD-912F49CACD13}"
EndProject
Project("{2150E333-8FDC-42A3-9474-1A3956D46DE8}") = "Microservices", "Microservices", "{C2A43503-B30F-42F0-B363-DB29C2FAB254}"
EndProject
Project("{9A19103F-16F7-4668-BE54-9A1E7A4F7556}") = "ContatoApi", "src\ContatoApi\ContatoApi.csproj", "{D8BE3E08-D7FE-4C2F-89C0-69A0C9AFF559}"
EndProject
Project("{9A19103F-16F7-4668-BE54-9A1E7A4F7556}") = "RegiaoIntegrationTest", "src\RegiaoIntegrationTest\RegiaoIntegrationTest.csproj", "{56CBDB99-0E91-4570-903C-7BBC3C999791}"
EndProject
Project("{9A19103F-16F7-4668-BE54-9A1E7A4F7556}") = "DDDIntegrationTest", "src\DDDIntegrationTest\DDDIntegrationTest.csproj", "{646B070A-52E7-48BD-A8A6-CFA3FA3AD5BB}"
EndProject
Project("{9A19103F-16F7-4668-BE54-9A1E7A4F7556}") = "ContatoIntegrationTest", "src\ContatoIntegrationTest\ContatoIntegrationTest.csproj", "{BE8ABEB7-52A7-4F69-BB4F-6AE53600A5D6}"
EndProject
Project("{9A19103F-16F7-4668-BE54-9A1E7A4F7556}") = "DddApi", "src\DddApi\DddApi.csproj", "{666146A8-1F56-44D1-BB1D-AA3F399B4880}"
EndProject
Project("{9A19103F-16F7-4668-BE54-9A1E7A4F7556}") = "RegiaoApi", "src\RegiaoApi\RegiaoApi.csproj", "{72126740-2C01-4141-8ED4-0A2BAD049631}"
EndProject
Global
	GlobalSection(SolutionConfigurationPlatforms) = preSolution
		Debug|Any CPU = Debug|Any CPU
		Release|Any CPU = Release|Any CPU
	EndGlobalSection
	GlobalSection(ProjectConfigurationPlatforms) = postSolution
		{D8BE3E08-D7FE-4C2F-89C0-69A0C9AFF559}.Debug|Any CPU.ActiveCfg = Debug|Any CPU
		{D8BE3E08-D7FE-4C2F-89C0-69A0C9AFF559}.Debug|Any CPU.Build.0 = Debug|Any CPU
		{D8BE3E08-D7FE-4C2F-89C0-69A0C9AFF559}.Release|Any CPU.ActiveCfg = Release|Any CPU
		{D8BE3E08-D7FE-4C2F-89C0-69A0C9AFF559}.Release|Any CPU.Build.0 = Release|Any CPU
		{56CBDB99-0E91-4570-903C-7BBC3C999791}.Debug|Any CPU.ActiveCfg = Debug|Any CPU
		{56CBDB99-0E91-4570-903C-7BBC3C999791}.Debug|Any CPU.Build.0 = Debug|Any CPU
		{56CBDB99-0E91-4570-903C-7BBC3C999791}.Release|Any CPU.ActiveCfg = Release|Any CPU
		{56CBDB99-0E91-4570-903C-7BBC3C999791}.Release|Any CPU.Build.0 = Release|Any CPU
		{646B070A-52E7-48BD-A8A6-CFA3FA3AD5BB}.Debug|Any CPU.ActiveCfg = Debug|Any CPU
		{646B070A-52E7-48BD-A8A6-CFA3FA3AD5BB}.Debug|Any CPU.Build.0 = Debug|Any CPU
		{646B070A-52E7-48BD-A8A6-CFA3FA3AD5BB}.Release|Any CPU.ActiveCfg = Release|Any CPU
		{646B070A-52E7-48BD-A8A6-CFA3FA3AD5BB}.Release|Any CPU.Build.0 = Release|Any CPU
		{BE8ABEB7-52A7-4F69-BB4F-6AE53600A5D6}.Debug|Any CPU.ActiveCfg = Debug|Any CPU
		{BE8ABEB7-52A7-4F69-BB4F-6AE53600A5D6}.Debug|Any CPU.Build.0 = Debug|Any CPU
		{BE8ABEB7-52A7-4F69-BB4F-6AE53600A5D6}.Release|Any CPU.ActiveCfg = Release|Any CPU
		{BE8ABEB7-52A7-4F69-BB4F-6AE53600A5D6}.Release|Any CPU.Build.0 = Release|Any CPU
		{666146A8-1F56-44D1-BB1D-AA3F399B4880}.Debug|Any CPU.ActiveCfg = Debug|Any CPU
		{666146A8-1F56-44D1-BB1D-AA3F399B4880}.Debug|Any CPU.Build.0 = Debug|Any CPU
		{666146A8-1F56-44D1-BB1D-AA3F399B4880}.Release|Any CPU.ActiveCfg = Release|Any CPU
		{666146A8-1F56-44D1-BB1D-AA3F399B4880}.Release|Any CPU.Build.0 = Release|Any CPU
		{72126740-2C01-4141-8ED4-0A2BAD049631}.Debug|Any CPU.ActiveCfg = Debug|Any CPU
		{72126740-2C01-4141-8ED4-0A2BAD049631}.Debug|Any CPU.Build.0 = Debug|Any CPU
		{72126740-2C01-4141-8ED4-0A2BAD049631}.Release|Any CPU.ActiveCfg = Release|Any CPU
		{72126740-2C01-4141-8ED4-0A2BAD049631}.Release|Any CPU.Build.0 = Release|Any CPU
	EndGlobalSection
	GlobalSection(SolutionProperties) = preSolution
		HideSolutionNode = FALSE
	EndGlobalSection
	GlobalSection(NestedProjects) = preSolution
		{D8BE3E08-D7FE-4C2F-89C0-69A0C9AFF559} = {C2A43503-B30F-42F0-B363-DB29C2FAB254}
		{56CBDB99-0E91-4570-903C-7BBC3C999791} = {35819362-2873-4145-B5FD-912F49CACD13}
		{646B070A-52E7-48BD-A8A6-CFA3FA3AD5BB} = {35819362-2873-4145-B5FD-912F49CACD13}
		{BE8ABEB7-52A7-4F69-BB4F-6AE53600A5D6} = {35819362-2873-4145-B5FD-912F49CACD13}
		{666146A8-1F56-44D1-BB1D-AA3F399B4880} = {C2A43503-B30F-42F0-B363-DB29C2FAB254}
		{72126740-2C01-4141-8ED4-0A2BAD049631} = {C2A43503-B30F-42F0-B363-DB29C2FAB254}
	EndGlobalSection
	GlobalSection(ExtensibilityGlobals) = postSolution
		SolutionGuid = {7DD465BB-73A8-4364-9458-601D00B19200}
	EndGlobalSection
EndGlobal
